
Microsoft Visual Studio Solution File, Format Version 12.00
# Visual Studio Version 16
VisualStudioVersion = 16.0.30114.105
MinimumVisualStudioVersion = 10.0.40219.1
Project("{FAE04EC0-301F-11D3-BF4B-00C04F79EFBC}") = "API", "API\API.csproj", "{9CD5AA5C-D742-4C02-B7A9-AA85AD05F55D}"
EndProject
Project("{FAE04EC0-301F-11D3-BF4B-00C04F79EFBC}") = "Application", "Application\Application.csproj", "{DFCCBB31-FC72-46AB-8EC9-8892918CB83E}"
EndProject
Project("{FAE04EC0-301F-11D3-BF4B-00C04F79EFBC}") = "Persistence", "Persistence\Persistence.csproj", "{CFCF0E26-F84B-4FCC-AEAB-33DBC99DCC2A}"
EndProject
Project("{FAE04EC0-301F-11D3-BF4B-00C04F79EFBC}") = "Domain", "Domain\Domain.csproj", "{3AEFAA37-A4EE-4D39-80B1-B15076AFF230}"
EndProject
Global
	GlobalSection(SolutionConfigurationPlatforms) = preSolution
		Debug|Any CPU = Debug|Any CPU
		Release|Any CPU = Release|Any CPU
	EndGlobalSection
	GlobalSection(SolutionProperties) = preSolution
		HideSolutionNode = FALSE
	EndGlobalSection
	GlobalSection(ProjectConfigurationPlatforms) = postSolution
		{9CD5AA5C-D742-4C02-B7A9-AA85AD05F55D}.Debug|Any CPU.ActiveCfg = Debug|Any CPU
		{9CD5AA5C-D742-4C02-B7A9-AA85AD05F55D}.Debug|Any CPU.Build.0 = Debug|Any CPU
		{9CD5AA5C-D742-4C02-B7A9-AA85AD05F55D}.Release|Any CPU.ActiveCfg = Release|Any CPU
		{9CD5AA5C-D742-4C02-B7A9-AA85AD05F55D}.Release|Any CPU.Build.0 = Release|Any CPU
		{DFCCBB31-FC72-46AB-8EC9-8892918CB83E}.Debug|Any CPU.ActiveCfg = Debug|Any CPU
		{DFCCBB31-FC72-46AB-8EC9-8892918CB83E}.Debug|Any CPU.Build.0 = Debug|Any CPU
		{DFCCBB31-FC72-46AB-8EC9-8892918CB83E}.Release|Any CPU.ActiveCfg = Release|Any CPU
		{DFCCBB31-FC72-46AB-8EC9-8892918CB83E}.Release|Any CPU.Build.0 = Release|Any CPU
		{CFCF0E26-F84B-4FCC-AEAB-33DBC99DCC2A}.Debug|Any CPU.ActiveCfg = Debug|Any CPU
		{CFCF0E26-F84B-4FCC-AEAB-33DBC99DCC2A}.Debug|Any CPU.Build.0 = Debug|Any CPU
		{CFCF0E26-F84B-4FCC-AEAB-33DBC99DCC2A}.Release|Any CPU.ActiveCfg = Release|Any CPU
		{CFCF0E26-F84B-4FCC-AEAB-33DBC99DCC2A}.Release|Any CPU.Build.0 = Release|Any CPU
		{3AEFAA37-A4EE-4D39-80B1-B15076AFF230}.Debug|Any CPU.ActiveCfg = Debug|Any CPU
		{3AEFAA37-A4EE-4D39-80B1-B15076AFF230}.Debug|Any CPU.Build.0 = Debug|Any CPU
		{3AEFAA37-A4EE-4D39-80B1-B15076AFF230}.Release|Any CPU.ActiveCfg = Release|Any CPU
		{3AEFAA37-A4EE-4D39-80B1-B15076AFF230}.Release|Any CPU.Build.0 = Release|Any CPU
	EndGlobalSection
EndGlobal
